
Microsoft Visual Studio Solution File, Format Version 12.00
Project("{FAE04EC0-301F-11D3-BF4B-00C04F79EFBC}") = "CCompiler", "CCompiler\CCompiler.csproj", "{992C9E70-F8E3-494D-8BC4-199F81B9E884}"
EndProject
Project("{FAE04EC0-301F-11D3-BF4B-00C04F79EFBC}") = "Tests", "Tests\Tests.csproj", "{FA14802D-208C-4069-B553-FF68B5764795}"
EndProject
Global
	GlobalSection(SolutionConfigurationPlatforms) = preSolution
		Debug|Any CPU = Debug|Any CPU
		Release|Any CPU = Release|Any CPU
	EndGlobalSection
	GlobalSection(ProjectConfigurationPlatforms) = postSolution
		{992C9E70-F8E3-494D-8BC4-199F81B9E884}.Debug|Any CPU.ActiveCfg = Debug|Any CPU
		{992C9E70-F8E3-494D-8BC4-199F81B9E884}.Debug|Any CPU.Build.0 = Debug|Any CPU
		{992C9E70-F8E3-494D-8BC4-199F81B9E884}.Release|Any CPU.ActiveCfg = Release|Any CPU
		{992C9E70-F8E3-494D-8BC4-199F81B9E884}.Release|Any CPU.Build.0 = Release|Any CPU
		{FA14802D-208C-4069-B553-FF68B5764795}.Debug|Any CPU.ActiveCfg = Debug|Any CPU
		{FA14802D-208C-4069-B553-FF68B5764795}.Debug|Any CPU.Build.0 = Debug|Any CPU
		{FA14802D-208C-4069-B553-FF68B5764795}.Release|Any CPU.ActiveCfg = Release|Any CPU
		{FA14802D-208C-4069-B553-FF68B5764795}.Release|Any CPU.Build.0 = Release|Any CPU
	EndGlobalSection
EndGlobal
